// !$*UTF8*$!
{
	archiveVersion = 1;
	classes = {
	};
	objectVersion = 55;
	objects = {

/* Begin PBXBuildFile section */
		F390D42528BF2CEF00E5B02B /* Image.swift in Sources */ = {isa = PBXBuildFile; fileRef = F390D42428BF2CEF00E5B02B /* Image.swift */; };
		F3C08DA328BF10A7008C5EA0 /* FirebaseManager.swift in Sources */ = {isa = PBXBuildFile; fileRef = F3C08DA228BF10A7008C5EA0 /* FirebaseManager.swift */; };
		F3C08DA628BF174F008C5EA0 /* FirebaseAuth in Frameworks */ = {isa = PBXBuildFile; productRef = F3C08DA528BF174F008C5EA0 /* FirebaseAuth */; };
		F3C08DA828BF174F008C5EA0 /* FirebaseDatabase in Frameworks */ = {isa = PBXBuildFile; productRef = F3C08DA728BF174F008C5EA0 /* FirebaseDatabase */; };
		F3C08DAA28BF174F008C5EA0 /* FirebaseFirestoreSwift in Frameworks */ = {isa = PBXBuildFile; productRef = F3C08DA928BF174F008C5EA0 /* FirebaseFirestoreSwift */; };
		F3C08DAC28BF174F008C5EA0 /* FirebaseMessaging in Frameworks */ = {isa = PBXBuildFile; productRef = F3C08DAB28BF174F008C5EA0 /* FirebaseMessaging */; };
		F3C08DAE28BF174F008C5EA0 /* FirebaseStorage in Frameworks */ = {isa = PBXBuildFile; productRef = F3C08DAD28BF174F008C5EA0 /* FirebaseStorage */; };
		F3C08DB028BF1FF0008C5EA0 /* LogoView.swift in Sources */ = {isa = PBXBuildFile; fileRef = F3C08DAF28BF1FF0008C5EA0 /* LogoView.swift */; };
		F3C1933428BE7037009412D1 /* DeliveryAppApp.swift in Sources */ = {isa = PBXBuildFile; fileRef = F3C1933328BE7037009412D1 /* DeliveryAppApp.swift */; };
		F3C1933628BE7037009412D1 /* MainView.swift in Sources */ = {isa = PBXBuildFile; fileRef = F3C1933528BE7037009412D1 /* MainView.swift */; };
		F3C1933828BE7038009412D1 /* Assets.xcassets in Resources */ = {isa = PBXBuildFile; fileRef = F3C1933728BE7038009412D1 /* Assets.xcassets */; };
		F3C1933B28BE7038009412D1 /* Preview Assets.xcassets in Resources */ = {isa = PBXBuildFile; fileRef = F3C1933A28BE7038009412D1 /* Preview Assets.xcassets */; };
/* End PBXBuildFile section */

/* Begin PBXFileReference section */
		F390D42428BF2CEF00E5B02B /* Image.swift */ = {isa = PBXFileReference; lastKnownFileType = sourcecode.swift; path = Image.swift; sourceTree = "<group>"; };
		F3C08DA228BF10A7008C5EA0 /* FirebaseManager.swift */ = {isa = PBXFileReference; lastKnownFileType = sourcecode.swift; path = FirebaseManager.swift; sourceTree = "<group>"; };
		F3C08DAF28BF1FF0008C5EA0 /* LogoView.swift */ = {isa = PBXFileReference; lastKnownFileType = sourcecode.swift; path = LogoView.swift; sourceTree = "<group>"; };
		F3C1933028BE7037009412D1 /* DeliveryApp.app */ = {isa = PBXFileReference; explicitFileType = wrapper.application; includeInIndex = 0; path = DeliveryApp.app; sourceTree = BUILT_PRODUCTS_DIR; };
		F3C1933328BE7037009412D1 /* DeliveryAppApp.swift */ = {isa = PBXFileReference; lastKnownFileType = sourcecode.swift; path = DeliveryAppApp.swift; sourceTree = "<group>"; };
		F3C1933528BE7037009412D1 /* MainView.swift */ = {isa = PBXFileReference; lastKnownFileType = sourcecode.swift; path = MainView.swift; sourceTree = "<group>"; };
		F3C1933728BE7038009412D1 /* Assets.xcassets */ = {isa = PBXFileReference; lastKnownFileType = folder.assetcatalog; path = Assets.xcassets; sourceTree = "<group>"; };
		F3C1933A28BE7038009412D1 /* Preview Assets.xcassets */ = {isa = PBXFileReference; lastKnownFileType = folder.assetcatalog; path = "Preview Assets.xcassets"; sourceTree = "<group>"; };
/* End PBXFileReference section */

/* Begin PBXFrameworksBuildPhase section */
		F3C1932D28BE7037009412D1 /* Frameworks */ = {
			isa = PBXFrameworksBuildPhase;
			buildActionMask = 2147483647;
			files = (
				F3C08DAC28BF174F008C5EA0 /* FirebaseMessaging in Frameworks */,
				F3C08DA828BF174F008C5EA0 /* FirebaseDatabase in Frameworks */,
				F3C08DA628BF174F008C5EA0 /* FirebaseAuth in Frameworks */,
				F3C08DAE28BF174F008C5EA0 /* FirebaseStorage in Frameworks */,
				F3C08DAA28BF174F008C5EA0 /* FirebaseFirestoreSwift in Frameworks */,
			);
			runOnlyForDeploymentPostprocessing = 0;
		};
/* End PBXFrameworksBuildPhase section */

/* Begin PBXGroup section */
		F390D42228BF2CB300E5B02B /* View */ = {
			isa = PBXGroup;
			children = (
				F3C1933528BE7037009412D1 /* MainView.swift */,
				F3C08DAF28BF1FF0008C5EA0 /* LogoView.swift */,
			);
			path = View;
			sourceTree = "<group>";
		};
		F390D42328BF2CD700E5B02B /* Extensions */ = {
			isa = PBXGroup;
			children = (
				F390D42428BF2CEF00E5B02B /* Image.swift */,
			);
			path = Extensions;
			sourceTree = "<group>";
		};
		F3C1932728BE7037009412D1 = {
			isa = PBXGroup;
			children = (
				F3C1933228BE7037009412D1 /* DeliveryApp */,
				F3C1933128BE7037009412D1 /* Products */,
			);
			sourceTree = "<group>";
		};
		F3C1933128BE7037009412D1 /* Products */ = {
			isa = PBXGroup;
			children = (
				F3C1933028BE7037009412D1 /* DeliveryApp.app */,
			);
			name = Products;
			sourceTree = "<group>";
		};
		F3C1933228BE7037009412D1 /* DeliveryApp */ = {
			isa = PBXGroup;
			children = (
				F390D42328BF2CD700E5B02B /* Extensions */,
				F390D42228BF2CB300E5B02B /* View */,
				F3C1933328BE7037009412D1 /* DeliveryAppApp.swift */,
				F3C08DA228BF10A7008C5EA0 /* FirebaseManager.swift */,
				F3C1933728BE7038009412D1 /* Assets.xcassets */,
				F3C1933928BE7038009412D1 /* Preview Content */,
			);
			path = DeliveryApp;
			sourceTree = "<group>";
		};
		F3C1933928BE7038009412D1 /* Preview Content */ = {
			isa = PBXGroup;
			children = (
				F3C1933A28BE7038009412D1 /* Preview Assets.xcassets */,
			);
			path = "Preview Content";
			sourceTree = "<group>";
		};
/* End PBXGroup section */

/* Begin PBXNativeTarget section */
		F3C1932F28BE7037009412D1 /* DeliveryApp */ = {
			isa = PBXNativeTarget;
			buildConfigurationList = F3C1933E28BE7038009412D1 /* Build configuration list for PBXNativeTarget "DeliveryApp" */;
			buildPhases = (
				F3C1932C28BE7037009412D1 /* Sources */,
				F3C1932D28BE7037009412D1 /* Frameworks */,
				F3C1932E28BE7037009412D1 /* Resources */,
			);
			buildRules = (
			);
			dependencies = (
			);
			name = DeliveryApp;
			packageProductDependencies = (
				F3C08DA528BF174F008C5EA0 /* FirebaseAuth */,
				F3C08DA728BF174F008C5EA0 /* FirebaseDatabase */,
				F3C08DA928BF174F008C5EA0 /* FirebaseFirestoreSwift */,
				F3C08DAB28BF174F008C5EA0 /* FirebaseMessaging */,
				F3C08DAD28BF174F008C5EA0 /* FirebaseStorage */,
			);
			productName = DeliveryApp;
			productReference = F3C1933028BE7037009412D1 /* DeliveryApp.app */;
			productType = "com.apple.product-type.application";
		};
/* End PBXNativeTarget section */

/* Begin PBXProject section */
		F3C1932828BE7037009412D1 /* Project object */ = {
			isa = PBXProject;
			attributes = {
				BuildIndependentTargetsInParallel = 1;
				LastSwiftUpdateCheck = 1320;
				LastUpgradeCheck = 1320;
				TargetAttributes = {
					F3C1932F28BE7037009412D1 = {
						CreatedOnToolsVersion = 13.2.1;
					};
				};
			};
			buildConfigurationList = F3C1932B28BE7037009412D1 /* Build configuration list for PBXProject "DeliveryApp" */;
			compatibilityVersion = "Xcode 13.0";
			developmentRegion = en;
			hasScannedForEncodings = 0;
			knownRegions = (
				en,
				Base,
			);
			mainGroup = F3C1932728BE7037009412D1;
			packageReferences = (
				F3C08DA428BF174F008C5EA0 /* XCRemoteSwiftPackageReference "firebase-ios-sdk" */,
			);
			productRefGroup = F3C1933128BE7037009412D1 /* Products */;
			projectDirPath = "";
			projectRoot = "";
			targets = (
				F3C1932F28BE7037009412D1 /* DeliveryApp */,
			);
		};
/* End PBXProject section */

/* Begin PBXResourcesBuildPhase section */
		F3C1932E28BE7037009412D1 /* Resources */ = {
			isa = PBXResourcesBuildPhase;
			buildActionMask = 2147483647;
			files = (
				F3C1933B28BE7038009412D1 /* Preview Assets.xcassets in Resources */,
				F3C1933828BE7038009412D1 /* Assets.xcassets in Resources */,
			);
			runOnlyForDeploymentPostprocessing = 0;
		};
/* End PBXResourcesBuildPhase section */

/* Begin PBXSourcesBuildPhase section */
		F3C1932C28BE7037009412D1 /* Sources */ = {
			isa = PBXSourcesBuildPhase;
			buildActionMask = 2147483647;
			files = (
				F3C08DA328BF10A7008C5EA0 /* FirebaseManager.swift in Sources */,
				F390D42528BF2CEF00E5B02B /* Image.swift in Sources */,
				F3C1933628BE7037009412D1 /* MainView.swift in Sources */,
				F3C08DB028BF1FF0008C5EA0 /* LogoView.swift in Sources */,
				F3C1933428BE7037009412D1 /* DeliveryAppApp.swift in Sources */,
			);
			runOnlyForDeploymentPostprocessing = 0;
		};
/* End PBXSourcesBuildPhase section */

/* Begin XCBuildConfiguration section */
		F3C1933C28BE7038009412D1 /* Debug */ = {
			isa = XCBuildConfiguration;
			buildSettings = {
				ALWAYS_SEARCH_USER_PATHS = NO;
				CLANG_ANALYZER_NONNULL = YES;
				CLANG_ANALYZER_NUMBER_OBJECT_CONVERSION = YES_AGGRESSIVE;
				CLANG_CXX_LANGUAGE_STANDARD = "gnu++17";
				CLANG_CXX_LIBRARY = "libc++";
				CLANG_ENABLE_MODULES = YES;
				CLANG_ENABLE_OBJC_ARC = YES;
				CLANG_ENABLE_OBJC_WEAK = YES;
				CLANG_WARN_BLOCK_CAPTURE_AUTORELEASING = YES;
				CLANG_WARN_BOOL_CONVERSION = YES;
				CLANG_WARN_COMMA = YES;
				CLANG_WARN_CONSTANT_CONVERSION = YES;
				CLANG_WARN_DEPRECATED_OBJC_IMPLEMENTATIONS = YES;
				CLANG_WARN_DIRECT_OBJC_ISA_USAGE = YES_ERROR;
				CLANG_WARN_DOCUMENTATION_COMMENTS = YES;
				CLANG_WARN_EMPTY_BODY = YES;
				CLANG_WARN_ENUM_CONVERSION = YES;
				CLANG_WARN_INFINITE_RECURSION = YES;
				CLANG_WARN_INT_CONVERSION = YES;
				CLANG_WARN_NON_LITERAL_NULL_CONVERSION = YES;
				CLANG_WARN_OBJC_IMPLICIT_RETAIN_SELF = YES;
				CLANG_WARN_OBJC_LITERAL_CONVERSION = YES;
				CLANG_WARN_OBJC_ROOT_CLASS = YES_ERROR;
				CLANG_WARN_QUOTED_INCLUDE_IN_FRAMEWORK_HEADER = YES;
				CLANG_WARN_RANGE_LOOP_ANALYSIS = YES;
				CLANG_WARN_STRICT_PROTOTYPES = YES;
				CLANG_WARN_SUSPICIOUS_MOVE = YES;
				CLANG_WARN_UNGUARDED_AVAILABILITY = YES_AGGRESSIVE;
				CLANG_WARN_UNREACHABLE_CODE = YES;
				CLANG_WARN__DUPLICATE_METHOD_MATCH = YES;
				COPY_PHASE_STRIP = NO;
				DEBUG_INFORMATION_FORMAT = dwarf;
				ENABLE_STRICT_OBJC_MSGSEND = YES;
				ENABLE_TESTABILITY = YES;
				GCC_C_LANGUAGE_STANDARD = gnu11;
				GCC_DYNAMIC_NO_PIC = NO;
				GCC_NO_COMMON_BLOCKS = YES;
				GCC_OPTIMIZATION_LEVEL = 0;
				GCC_PREPROCESSOR_DEFINITIONS = (
					"DEBUG=1",
					"$(inherited)",
				);
				GCC_WARN_64_TO_32_BIT_CONVERSION = YES;
				GCC_WARN_ABOUT_RETURN_TYPE = YES_ERROR;
				GCC_WARN_UNDECLARED_SELECTOR = YES;
				GCC_WARN_UNINITIALIZED_AUTOS = YES_AGGRESSIVE;
				GCC_WARN_UNUSED_FUNCTION = YES;
				GCC_WARN_UNUSED_VARIABLE = YES;
				IPHONEOS_DEPLOYMENT_TARGET = 15.2;
				MTL_ENABLE_DEBUG_INFO = INCLUDE_SOURCE;
				MTL_FAST_MATH = YES;
				ONLY_ACTIVE_ARCH = YES;
				SDKROOT = iphoneos;
				SWIFT_ACTIVE_COMPILATION_CONDITIONS = DEBUG;
				SWIFT_OPTIMIZATION_LEVEL = "-Onone";
			};
			name = Debug;
		};
		F3C1933D28BE7038009412D1 /* Release */ = {
			isa = XCBuildConfiguration;
			buildSettings = {
				ALWAYS_SEARCH_USER_PATHS = NO;
				CLANG_ANALYZER_NONNULL = YES;
				CLANG_ANALYZER_NUMBER_OBJECT_CONVERSION = YES_AGGRESSIVE;
				CLANG_CXX_LANGUAGE_STANDARD = "gnu++17";
				CLANG_CXX_LIBRARY = "libc++";
				CLANG_ENABLE_MODULES = YES;
				CLANG_ENABLE_OBJC_ARC = YES;
				CLANG_ENABLE_OBJC_WEAK = YES;
				CLANG_WARN_BLOCK_CAPTURE_AUTORELEASING = YES;
				CLANG_WARN_BOOL_CONVERSION = YES;
				CLANG_WARN_COMMA = YES;
				CLANG_WARN_CONSTANT_CONVERSION = YES;
				CLANG_WARN_DEPRECATED_OBJC_IMPLEMENTATIONS = YES;
				CLANG_WARN_DIRECT_OBJC_ISA_USAGE = YES_ERROR;
				CLANG_WARN_DOCUMENTATION_COMMENTS = YES;
				CLANG_WARN_EMPTY_BODY = YES;
				CLANG_WARN_ENUM_CONVERSION = YES;
				CLANG_WARN_INFINITE_RECURSION = YES;
				CLANG_WARN_INT_CONVERSION = YES;
				CLANG_WARN_NON_LITERAL_NULL_CONVERSION = YES;
				CLANG_WARN_OBJC_IMPLICIT_RETAIN_SELF = YES;
				CLANG_WARN_OBJC_LITERAL_CONVERSION = YES;
				CLANG_WARN_OBJC_ROOT_CLASS = YES_ERROR;
				CLANG_WARN_QUOTED_INCLUDE_IN_FRAMEWORK_HEADER = YES;
				CLANG_WARN_RANGE_LOOP_ANALYSIS = YES;
				CLANG_WARN_STRICT_PROTOTYPES = YES;
				CLANG_WARN_SUSPICIOUS_MOVE = YES;
				CLANG_WARN_UNGUARDED_AVAILABILITY = YES_AGGRESSIVE;
				CLANG_WARN_UNREACHABLE_CODE = YES;
				CLANG_WARN__DUPLICATE_METHOD_MATCH = YES;
				COPY_PHASE_STRIP = NO;
				DEBUG_INFORMATION_FORMAT = "dwarf-with-dsym";
				ENABLE_NS_ASSERTIONS = NO;
				ENABLE_STRICT_OBJC_MSGSEND = YES;
				GCC_C_LANGUAGE_STANDARD = gnu11;
				GCC_NO_COMMON_BLOCKS = YES;
				GCC_WARN_64_TO_32_BIT_CONVERSION = YES;
				GCC_WARN_ABOUT_RETURN_TYPE = YES_ERROR;
				GCC_WARN_UNDECLARED_SELECTOR = YES;
				GCC_WARN_UNINITIALIZED_AUTOS = YES_AGGRESSIVE;
				GCC_WARN_UNUSED_FUNCTION = YES;
				GCC_WARN_UNUSED_VARIABLE = YES;
				IPHONEOS_DEPLOYMENT_TARGET = 15.2;
				MTL_ENABLE_DEBUG_INFO = NO;
				MTL_FAST_MATH = YES;
				SDKROOT = iphoneos;
				SWIFT_COMPILATION_MODE = wholemodule;
				SWIFT_OPTIMIZATION_LEVEL = "-O";
				VALIDATE_PRODUCT = YES;
			};
			name = Release;
		};
		F3C1933F28BE7038009412D1 /* Debug */ = {
			isa = XCBuildConfiguration;
			buildSettings = {
				ASSETCATALOG_COMPILER_APPICON_NAME = AppIcon;
				ASSETCATALOG_COMPILER_GLOBAL_ACCENT_COLOR_NAME = AccentColor;
				CODE_SIGN_STYLE = Automatic;
				CURRENT_PROJECT_VERSION = 1;
				DEVELOPMENT_ASSET_PATHS = "\"DeliveryApp/Preview Content\"";
				DEVELOPMENT_TEAM = 6KCSBW72Y6;
				ENABLE_PREVIEWS = YES;
				GENERATE_INFOPLIST_FILE = YES;
				INFOPLIST_KEY_UIApplicationSceneManifest_Generation = YES;
				INFOPLIST_KEY_UIApplicationSupportsIndirectInputEvents = YES;
				INFOPLIST_KEY_UILaunchScreen_Generation = YES;
				INFOPLIST_KEY_UISupportedInterfaceOrientations_iPad = "UIInterfaceOrientationPortrait UIInterfaceOrientationPortraitUpsideDown UIInterfaceOrientationLandscapeLeft UIInterfaceOrientationLandscapeRight";
				INFOPLIST_KEY_UISupportedInterfaceOrientations_iPhone = "UIInterfaceOrientationPortrait UIInterfaceOrientationLandscapeLeft UIInterfaceOrientationLandscapeRight";
				LD_RUNPATH_SEARCH_PATHS = (
					"$(inherited)",
					"@executable_path/Frameworks",
				);
				MARKETING_VERSION = 1.0;
				PRODUCT_BUNDLE_IDENTIFIER = "Anton-Usov.DeliveryApp";
				PRODUCT_NAME = "$(TARGET_NAME)";
				SWIFT_EMIT_LOC_STRINGS = YES;
				SWIFT_VERSION = 5.0;
				TARGETED_DEVICE_FAMILY = "1,2";
			};
			name = Debug;
		};
		F3C1934028BE7038009412D1 /* Release */ = {
			isa = XCBuildConfiguration;
			buildSettings = {
				ASSETCATALOG_COMPILER_APPICON_NAME = AppIcon;
				ASSETCATALOG_COMPILER_GLOBAL_ACCENT_COLOR_NAME = AccentColor;
				CODE_SIGN_STYLE = Automatic;
				CURRENT_PROJECT_VERSION = 1;
				DEVELOPMENT_ASSET_PATHS = "\"DeliveryApp/Preview Content\"";
				DEVELOPMENT_TEAM = 6KCSBW72Y6;
				ENABLE_PREVIEWS = YES;
				GENERATE_INFOPLIST_FILE = YES;
				INFOPLIST_KEY_UIApplicationSceneManifest_Generation = YES;
				INFOPLIST_KEY_UIApplicationSupportsIndirectInputEvents = YES;
				INFOPLIST_KEY_UILaunchScreen_Generation = YES;
				INFOPLIST_KEY_UISupportedInterfaceOrientations_iPad = "UIInterfaceOrientationPortrait UIInterfaceOrientationPortraitUpsideDown UIInterfaceOrientationLandscapeLeft UIInterfaceOrientationLandscapeRight";
				INFOPLIST_KEY_UISupportedInterfaceOrientations_iPhone = "UIInterfaceOrientationPortrait UIInterfaceOrientationLandscapeLeft UIInterfaceOrientationLandscapeRight";
				LD_RUNPATH_SEARCH_PATHS = (
					"$(inherited)",
					"@executable_path/Frameworks",
				);
				MARKETING_VERSION = 1.0;
				PRODUCT_BUNDLE_IDENTIFIER = "Anton-Usov.DeliveryApp";
				PRODUCT_NAME = "$(TARGET_NAME)";
				SWIFT_EMIT_LOC_STRINGS = YES;
				SWIFT_VERSION = 5.0;
				TARGETED_DEVICE_FAMILY = "1,2";
			};
			name = Release;
		};
/* End XCBuildConfiguration section */

/* Begin XCConfigurationList section */
		F3C1932B28BE7037009412D1 /* Build configuration list for PBXProject "DeliveryApp" */ = {
			isa = XCConfigurationList;
			buildConfigurations = (
				F3C1933C28BE7038009412D1 /* Debug */,
				F3C1933D28BE7038009412D1 /* Release */,
			);
			defaultConfigurationIsVisible = 0;
			defaultConfigurationName = Release;
		};
		F3C1933E28BE7038009412D1 /* Build configuration list for PBXNativeTarget "DeliveryApp" */ = {
			isa = XCConfigurationList;
			buildConfigurations = (
				F3C1933F28BE7038009412D1 /* Debug */,
				F3C1934028BE7038009412D1 /* Release */,
			);
			defaultConfigurationIsVisible = 0;
			defaultConfigurationName = Release;
		};
/* End XCConfigurationList section */

/* Begin XCRemoteSwiftPackageReference section */
		F3C08DA428BF174F008C5EA0 /* XCRemoteSwiftPackageReference "firebase-ios-sdk" */ = {
			isa = XCRemoteSwiftPackageReference;
			repositoryURL = "https://github.com/firebase/firebase-ios-sdk.git";
			requirement = {
				branch = master;
				kind = branch;
			};
		};
/* End XCRemoteSwiftPackageReference section */

/* Begin XCSwiftPackageProductDependency section */
		F3C08DA528BF174F008C5EA0 /* FirebaseAuth */ = {
			isa = XCSwiftPackageProductDependency;
			package = F3C08DA428BF174F008C5EA0 /* XCRemoteSwiftPackageReference "firebase-ios-sdk" */;
			productName = FirebaseAuth;
		};
		F3C08DA728BF174F008C5EA0 /* FirebaseDatabase */ = {
			isa = XCSwiftPackageProductDependency;
			package = F3C08DA428BF174F008C5EA0 /* XCRemoteSwiftPackageReference "firebase-ios-sdk" */;
			productName = FirebaseDatabase;
		};
		F3C08DA928BF174F008C5EA0 /* FirebaseFirestoreSwift */ = {
			isa = XCSwiftPackageProductDependency;
			package = F3C08DA428BF174F008C5EA0 /* XCRemoteSwiftPackageReference "firebase-ios-sdk" */;
			productName = FirebaseFirestoreSwift;
		};
		F3C08DAB28BF174F008C5EA0 /* FirebaseMessaging */ = {
			isa = XCSwiftPackageProductDependency;
			package = F3C08DA428BF174F008C5EA0 /* XCRemoteSwiftPackageReference "firebase-ios-sdk" */;
			productName = FirebaseMessaging;
		};
		F3C08DAD28BF174F008C5EA0 /* FirebaseStorage */ = {
			isa = XCSwiftPackageProductDependency;
			package = F3C08DA428BF174F008C5EA0 /* XCRemoteSwiftPackageReference "firebase-ios-sdk" */;
			productName = FirebaseStorage;
		};
/* End XCSwiftPackageProductDependency section */
	};
	rootObject = F3C1932828BE7037009412D1 /* Project object */;
}
